
Microsoft Visual Studio Solution File, Format Version 12.00
# Visual Studio Version 17
VisualStudioVersion = 17.14.36414.22 d17.14
MinimumVisualStudioVersion = 10.0.40219.1
Project("{FAE04EC0-301F-11D3-BF4B-00C04F79EFBC}") = "ChatService_Custom_WebSocket", "ChatService_Custom_WebSocket\ChatService_Custom_WebSocket.csproj", "{6977F846-942C-4B01-A17C-4F7EF5ADF871}"
EndProject
Global
	GlobalSection(SolutionConfigurationPlatforms) = preSolution
		Debug|Any CPU = Debug|Any CPU
		Release|Any CPU = Release|Any CPU
	EndGlobalSection
	GlobalSection(ProjectConfigurationPlatforms) = postSolution
		{6977F846-942C-4B01-A17C-4F7EF5ADF871}.Debug|Any CPU.ActiveCfg = Debug|Any CPU
		{6977F846-942C-4B01-A17C-4F7EF5ADF871}.Debug|Any CPU.Build.0 = Debug|Any CPU
		{6977F846-942C-4B01-A17C-4F7EF5ADF871}.Release|Any CPU.ActiveCfg = Release|Any CPU
		{6977F846-942C-4B01-A17C-4F7EF5ADF871}.Release|Any CPU.Build.0 = Release|Any CPU
	EndGlobalSection
	GlobalSection(SolutionProperties) = preSolution
		HideSolutionNode = FALSE
	EndGlobalSection
	GlobalSection(ExtensibilityGlobals) = postSolution
		SolutionGuid = {ED094A9C-CA4A-47BC-AC54-44EAA963810A}
	EndGlobalSection
EndGlobal
